
Microsoft Visual Studio Solution File, Format Version 12.00
# Visual Studio Version 17
VisualStudioVersion = 17.0.31903.59
MinimumVisualStudioVersion = 10.0.40219.1
Project("{FAE04EC0-301F-11D3-BF4B-00C04F79EFBC}") = "Acme.Samples", "Acme.Samples\Acme.Samples.csproj", "{64430A23-E2E0-471D-B9F9-31E4E4C834E8}"
EndProject
Project("{FAE04EC0-301F-11D3-BF4B-00C04F79EFBC}") = "Washyn.SbTheme", "Washyn.SbTheme\Washyn.SbTheme.csproj", "{3C70E625-CC20-4614-BA0F-30BB8A80A7E9}"
EndProject
Project("{FAE04EC0-301F-11D3-BF4B-00C04F79EFBC}") = "Volo.Abp.AspNetCore.Mvc.UI.Bootstrap.Demo", "Volo.Abp.AspNetCore.Mvc.UI.Bootstrap.Demo\Volo.Abp.AspNetCore.Mvc.UI.Bootstrap.Demo.csproj", "{1325FB59-96EE-4B53-869E-056C5217BB60}"
EndProject
Global
	GlobalSection(SolutionConfigurationPlatforms) = preSolution
		Debug|Any CPU = Debug|Any CPU
		Release|Any CPU = Release|Any CPU
	EndGlobalSection
	GlobalSection(ProjectConfigurationPlatforms) = postSolution
		{64430A23-E2E0-471D-B9F9-31E4E4C834E8}.Debug|Any CPU.ActiveCfg = Debug|Any CPU
		{64430A23-E2E0-471D-B9F9-31E4E4C834E8}.Debug|Any CPU.Build.0 = Debug|Any CPU
		{64430A23-E2E0-471D-B9F9-31E4E4C834E8}.Release|Any CPU.ActiveCfg = Release|Any CPU
		{64430A23-E2E0-471D-B9F9-31E4E4C834E8}.Release|Any CPU.Build.0 = Release|Any CPU
		{3C70E625-CC20-4614-BA0F-30BB8A80A7E9}.Debug|Any CPU.ActiveCfg = Debug|Any CPU
		{3C70E625-CC20-4614-BA0F-30BB8A80A7E9}.Debug|Any CPU.Build.0 = Debug|Any CPU
		{3C70E625-CC20-4614-BA0F-30BB8A80A7E9}.Release|Any CPU.ActiveCfg = Release|Any CPU
		{3C70E625-CC20-4614-BA0F-30BB8A80A7E9}.Release|Any CPU.Build.0 = Release|Any CPU
		{1325FB59-96EE-4B53-869E-056C5217BB60}.Debug|Any CPU.ActiveCfg = Debug|Any CPU
		{1325FB59-96EE-4B53-869E-056C5217BB60}.Debug|Any CPU.Build.0 = Debug|Any CPU
		{1325FB59-96EE-4B53-869E-056C5217BB60}.Release|Any CPU.ActiveCfg = Release|Any CPU
		{1325FB59-96EE-4B53-869E-056C5217BB60}.Release|Any CPU.Build.0 = Release|Any CPU
	EndGlobalSection
	GlobalSection(SolutionProperties) = preSolution
		HideSolutionNode = FALSE
	EndGlobalSection
	GlobalSection(ExtensibilityGlobals) = postSolution
		SolutionGuid = {63E2660C-C1D9-4768-90FD-289F36581842}
	EndGlobalSection
EndGlobal
